
Microsoft Visual Studio Solution File, Format Version 12.00
# Visual Studio 14
VisualStudioVersion = 14.0.24720.0
MinimumVisualStudioVersion = 10.0.40219.1
Project("{FAE04EC0-301F-11D3-BF4B-00C04F79EFBC}") = "01_Adapter_Pattern", "01_Adapter_Pattern\01_Adapter_Pattern.csproj", "{1212C854-D6B6-40C8-9029-6BA768D9A2AB}"
EndProject
Project("{2150E333-8FDC-42A3-9474-1A3956D46DE8}") = "01_Adapter", "01_Adapter", "{698881F1-94A9-4420-89F2-BC651B4CD69C}"
EndProject
Project("{2150E333-8FDC-42A3-9474-1A3956D46DE8}") = "10_Factory", "10_Factory", "{CEBC183A-B4A3-4761-A008-1C235908FCC8}"
EndProject
Project("{FAE04EC0-301F-11D3-BF4B-00C04F79EFBC}") = "10_Factory_Pattern_01", "10_Factory_Pattern_01\10_Factory_Pattern_01.csproj", "{022773D0-03F7-4A0E-BD24-ADEF4AA8288B}"
EndProject
Project("{FAE04EC0-301F-11D3-BF4B-00C04F79EFBC}") = "10_Factory_Pattern_02", "10_Factory_Pattern_02\10_Factory_Pattern_02.csproj", "{CC3C115F-A7F7-4E77-B647-E41E222A54F5}"
EndProject
Project("{FAE04EC0-301F-11D3-BF4B-00C04F79EFBC}") = "10_Factory_Pattern_03", "10_Factory_Pattern_03\10_Factory_Pattern_03.csproj", "{C9036FAA-855C-4690-A790-2782D431877E}"
EndProject
Project("{FAE04EC0-301F-11D3-BF4B-00C04F79EFBC}") = "10_Factory_Pattern_04", "10_Factory_Pattern_04\10_Factory_Pattern_04.csproj", "{B8A98C03-AF80-455B-B6E3-AADDB2D0E2F3}"
EndProject
Global
	GlobalSection(SolutionConfigurationPlatforms) = preSolution
		Debug|Any CPU = Debug|Any CPU
		Release|Any CPU = Release|Any CPU
	EndGlobalSection
	GlobalSection(ProjectConfigurationPlatforms) = postSolution
		{1212C854-D6B6-40C8-9029-6BA768D9A2AB}.Debug|Any CPU.ActiveCfg = Debug|Any CPU
		{1212C854-D6B6-40C8-9029-6BA768D9A2AB}.Debug|Any CPU.Build.0 = Debug|Any CPU
		{1212C854-D6B6-40C8-9029-6BA768D9A2AB}.Release|Any CPU.ActiveCfg = Release|Any CPU
		{1212C854-D6B6-40C8-9029-6BA768D9A2AB}.Release|Any CPU.Build.0 = Release|Any CPU
		{022773D0-03F7-4A0E-BD24-ADEF4AA8288B}.Debug|Any CPU.ActiveCfg = Debug|Any CPU
		{022773D0-03F7-4A0E-BD24-ADEF4AA8288B}.Debug|Any CPU.Build.0 = Debug|Any CPU
		{022773D0-03F7-4A0E-BD24-ADEF4AA8288B}.Release|Any CPU.ActiveCfg = Release|Any CPU
		{022773D0-03F7-4A0E-BD24-ADEF4AA8288B}.Release|Any CPU.Build.0 = Release|Any CPU
		{CC3C115F-A7F7-4E77-B647-E41E222A54F5}.Debug|Any CPU.ActiveCfg = Debug|Any CPU
		{CC3C115F-A7F7-4E77-B647-E41E222A54F5}.Debug|Any CPU.Build.0 = Debug|Any CPU
		{CC3C115F-A7F7-4E77-B647-E41E222A54F5}.Release|Any CPU.ActiveCfg = Release|Any CPU
		{CC3C115F-A7F7-4E77-B647-E41E222A54F5}.Release|Any CPU.Build.0 = Release|Any CPU
		{C9036FAA-855C-4690-A790-2782D431877E}.Debug|Any CPU.ActiveCfg = Debug|Any CPU
		{C9036FAA-855C-4690-A790-2782D431877E}.Debug|Any CPU.Build.0 = Debug|Any CPU
		{C9036FAA-855C-4690-A790-2782D431877E}.Release|Any CPU.ActiveCfg = Release|Any CPU
		{C9036FAA-855C-4690-A790-2782D431877E}.Release|Any CPU.Build.0 = Release|Any CPU
		{B8A98C03-AF80-455B-B6E3-AADDB2D0E2F3}.Debug|Any CPU.ActiveCfg = Debug|Any CPU
		{B8A98C03-AF80-455B-B6E3-AADDB2D0E2F3}.Debug|Any CPU.Build.0 = Debug|Any CPU
		{B8A98C03-AF80-455B-B6E3-AADDB2D0E2F3}.Release|Any CPU.ActiveCfg = Release|Any CPU
		{B8A98C03-AF80-455B-B6E3-AADDB2D0E2F3}.Release|Any CPU.Build.0 = Release|Any CPU
	EndGlobalSection
	GlobalSection(SolutionProperties) = preSolution
		HideSolutionNode = FALSE
	EndGlobalSection
	GlobalSection(NestedProjects) = preSolution
		{1212C854-D6B6-40C8-9029-6BA768D9A2AB} = {698881F1-94A9-4420-89F2-BC651B4CD69C}
		{022773D0-03F7-4A0E-BD24-ADEF4AA8288B} = {CEBC183A-B4A3-4761-A008-1C235908FCC8}
		{CC3C115F-A7F7-4E77-B647-E41E222A54F5} = {CEBC183A-B4A3-4761-A008-1C235908FCC8}
		{C9036FAA-855C-4690-A790-2782D431877E} = {CEBC183A-B4A3-4761-A008-1C235908FCC8}
		{B8A98C03-AF80-455B-B6E3-AADDB2D0E2F3} = {CEBC183A-B4A3-4761-A008-1C235908FCC8}
	EndGlobalSection
EndGlobal
